
Microsoft Visual Studio Solution File, Format Version 10.00
# Visual Studio 2008
Project("{8BC9CEB8-8B4A-11D0-8D11-00A0C91BC942}") = "FileGrabber", "FileGrabber\FileGrabber.vcproj", "{87D47D62-CBB6-4EDF-8DD9-6921C775CBD3}"
EndProject
Global
	GlobalSection(SolutionConfigurationPlatforms) = preSolution
		Debug|Win32 = Debug|Win32
		Release|Win32 = Release|Win32
	EndGlobalSection
	GlobalSection(ProjectConfigurationPlatforms) = postSolution
		{87D47D62-CBB6-4EDF-8DD9-6921C775CBD3}.Debug|Win32.ActiveCfg = Debug|Win32
		{87D47D62-CBB6-4EDF-8DD9-6921C775CBD3}.Debug|Win32.Build.0 = Debug|Win32
		{87D47D62-CBB6-4EDF-8DD9-6921C775CBD3}.Release|Win32.ActiveCfg = Release|Win32
		{87D47D62-CBB6-4EDF-8DD9-6921C775CBD3}.Release|Win32.Build.0 = Release|Win32
	EndGlobalSection
	GlobalSection(SolutionProperties) = preSolution
		HideSolutionNode = FALSE
	EndGlobalSection
EndGlobal
